
Microsoft Visual Studio Solution File, Format Version 12.00
# Visual Studio Version 17
VisualStudioVersion = 17.10.35004.147
MinimumVisualStudioVersion = 10.0.40219.1
Project("{FAE04EC0-301F-11D3-BF4B-00C04F79EFBC}") = "OdooRpc.CoreCLR.Client.V8", "OdooRpc.CoreCLR.Client.V8\OdooRpc.CoreCLR.Client.V8.csproj", "{CE595154-7B88-400A-BFBE-D2645FDD92F3}"
EndProject
Global
	GlobalSection(SolutionConfigurationPlatforms) = preSolution
		Debug|Any CPU = Debug|Any CPU
		Release|Any CPU = Release|Any CPU
	EndGlobalSection
	GlobalSection(ProjectConfigurationPlatforms) = postSolution
		{CE595154-7B88-400A-BFBE-D2645FDD92F3}.Debug|Any CPU.ActiveCfg = Debug|Any CPU
		{CE595154-7B88-400A-BFBE-D2645FDD92F3}.Debug|Any CPU.Build.0 = Debug|Any CPU
		{CE595154-7B88-400A-BFBE-D2645FDD92F3}.Release|Any CPU.ActiveCfg = Release|Any CPU
		{CE595154-7B88-400A-BFBE-D2645FDD92F3}.Release|Any CPU.Build.0 = Release|Any CPU
	EndGlobalSection
	GlobalSection(SolutionProperties) = preSolution
		HideSolutionNode = FALSE
	EndGlobalSection
	GlobalSection(ExtensibilityGlobals) = postSolution
		SolutionGuid = {B81D5ABC-4E50-40DF-B536-ACBF0C9A61F3}
	EndGlobalSection
EndGlobal
